
Microsoft Visual Studio Solution File, Format Version 12.00
Project("{FAE04EC0-301F-11D3-BF4B-00C04F79EFBC}") = "Condicionais.1", "Condicionais.1\Condicionais.1.csproj", "{123F9D50-8DE7-49F0-9F51-78FDAF3F8E1A}"
EndProject
Project("{FAE04EC0-301F-11D3-BF4B-00C04F79EFBC}") = "Condicionais.2", "Condicionais.2\Condicionais.2.csproj", "{9271C44D-FF89-45C4-9319-9C17CA8B4B8B}"
EndProject
Project("{FAE04EC0-301F-11D3-BF4B-00C04F79EFBC}") = "Condicionais.3", "Condicionais.3\Condicionais.3.csproj", "{CE04706C-9654-4037-BB52-A44301EBDF01}"
EndProject
Global
	GlobalSection(SolutionConfigurationPlatforms) = preSolution
		Debug|Any CPU = Debug|Any CPU
		Release|Any CPU = Release|Any CPU
	EndGlobalSection
	GlobalSection(ProjectConfigurationPlatforms) = postSolution
		{123F9D50-8DE7-49F0-9F51-78FDAF3F8E1A}.Debug|Any CPU.ActiveCfg = Debug|Any CPU
		{123F9D50-8DE7-49F0-9F51-78FDAF3F8E1A}.Debug|Any CPU.Build.0 = Debug|Any CPU
		{123F9D50-8DE7-49F0-9F51-78FDAF3F8E1A}.Release|Any CPU.ActiveCfg = Release|Any CPU
		{123F9D50-8DE7-49F0-9F51-78FDAF3F8E1A}.Release|Any CPU.Build.0 = Release|Any CPU
		{9271C44D-FF89-45C4-9319-9C17CA8B4B8B}.Debug|Any CPU.ActiveCfg = Debug|Any CPU
		{9271C44D-FF89-45C4-9319-9C17CA8B4B8B}.Debug|Any CPU.Build.0 = Debug|Any CPU
		{9271C44D-FF89-45C4-9319-9C17CA8B4B8B}.Release|Any CPU.ActiveCfg = Release|Any CPU
		{9271C44D-FF89-45C4-9319-9C17CA8B4B8B}.Release|Any CPU.Build.0 = Release|Any CPU
		{CE04706C-9654-4037-BB52-A44301EBDF01}.Debug|Any CPU.ActiveCfg = Debug|Any CPU
		{CE04706C-9654-4037-BB52-A44301EBDF01}.Debug|Any CPU.Build.0 = Debug|Any CPU
		{CE04706C-9654-4037-BB52-A44301EBDF01}.Release|Any CPU.ActiveCfg = Release|Any CPU
		{CE04706C-9654-4037-BB52-A44301EBDF01}.Release|Any CPU.Build.0 = Release|Any CPU
	EndGlobalSection
EndGlobal
